
Microsoft Visual Studio Solution File, Format Version 12.00
# Visual Studio 15
VisualStudioVersion = 15.0.26730.16
MinimumVisualStudioVersion = 10.0.40219.1
Project("{8BC9CEB8-8B4A-11D0-8D11-00A0C91BC942}") = "5313(4)", "5313(4)\5313(4).vcxproj", "{7737839F-2C05-4197-B4AC-03A8260068B9}"
EndProject
Global
	GlobalSection(SolutionConfigurationPlatforms) = preSolution
		Debug|x64 = Debug|x64
		Debug|x86 = Debug|x86
		Release|x64 = Release|x64
		Release|x86 = Release|x86
	EndGlobalSection
	GlobalSection(ProjectConfigurationPlatforms) = postSolution
		{7737839F-2C05-4197-B4AC-03A8260068B9}.Debug|x64.ActiveCfg = Debug|x64
		{7737839F-2C05-4197-B4AC-03A8260068B9}.Debug|x64.Build.0 = Debug|x64
		{7737839F-2C05-4197-B4AC-03A8260068B9}.Debug|x86.ActiveCfg = Debug|Win32
		{7737839F-2C05-4197-B4AC-03A8260068B9}.Debug|x86.Build.0 = Debug|Win32
		{7737839F-2C05-4197-B4AC-03A8260068B9}.Release|x64.ActiveCfg = Release|x64
		{7737839F-2C05-4197-B4AC-03A8260068B9}.Release|x64.Build.0 = Release|x64
		{7737839F-2C05-4197-B4AC-03A8260068B9}.Release|x86.ActiveCfg = Release|Win32
		{7737839F-2C05-4197-B4AC-03A8260068B9}.Release|x86.Build.0 = Release|Win32
	EndGlobalSection
	GlobalSection(SolutionProperties) = preSolution
		HideSolutionNode = FALSE
	EndGlobalSection
	GlobalSection(ExtensibilityGlobals) = postSolution
		SolutionGuid = {5E0BF364-5E3B-47F2-9B1F-023915DA8F2A}
	EndGlobalSection
EndGlobal
