
Microsoft Visual Studio Solution File, Format Version 12.00
# Visual Studio 15
VisualStudioVersion = 15.0.26730.16
MinimumVisualStudioVersion = 10.0.40219.1
Project("{8BC9CEB8-8B4A-11D0-8D11-00A0C91BC942}") = "6361", "6361\6361.vcxproj", "{7B8E13CE-BDFC-400D-819C-845DF7C9C932}"
EndProject
Global
	GlobalSection(SolutionConfigurationPlatforms) = preSolution
		Debug|x64 = Debug|x64
		Debug|x86 = Debug|x86
		Release|x64 = Release|x64
		Release|x86 = Release|x86
	EndGlobalSection
	GlobalSection(ProjectConfigurationPlatforms) = postSolution
		{7B8E13CE-BDFC-400D-819C-845DF7C9C932}.Debug|x64.ActiveCfg = Debug|x64
		{7B8E13CE-BDFC-400D-819C-845DF7C9C932}.Debug|x64.Build.0 = Debug|x64
		{7B8E13CE-BDFC-400D-819C-845DF7C9C932}.Debug|x86.ActiveCfg = Debug|Win32
		{7B8E13CE-BDFC-400D-819C-845DF7C9C932}.Debug|x86.Build.0 = Debug|Win32
		{7B8E13CE-BDFC-400D-819C-845DF7C9C932}.Release|x64.ActiveCfg = Release|x64
		{7B8E13CE-BDFC-400D-819C-845DF7C9C932}.Release|x64.Build.0 = Release|x64
		{7B8E13CE-BDFC-400D-819C-845DF7C9C932}.Release|x86.ActiveCfg = Release|Win32
		{7B8E13CE-BDFC-400D-819C-845DF7C9C932}.Release|x86.Build.0 = Release|Win32
	EndGlobalSection
	GlobalSection(SolutionProperties) = preSolution
		HideSolutionNode = FALSE
	EndGlobalSection
	GlobalSection(ExtensibilityGlobals) = postSolution
		SolutionGuid = {92A2B4C6-0C80-4DAE-8D1A-5CA10863102A}
	EndGlobalSection
EndGlobal
