
Microsoft Visual Studio Solution File, Format Version 12.00
# Visual Studio 15
VisualStudioVersion = 15.0.26730.16
MinimumVisualStudioVersion = 10.0.40219.1
Project("{8BC9CEB8-8B4A-11D0-8D11-00A0C91BC942}") = "6581", "6581\6581.vcxproj", "{7C24CD4D-E96E-485E-86CC-742779EE8CBE}"
EndProject
Global
	GlobalSection(SolutionConfigurationPlatforms) = preSolution
		Debug|x64 = Debug|x64
		Debug|x86 = Debug|x86
		Release|x64 = Release|x64
		Release|x86 = Release|x86
	EndGlobalSection
	GlobalSection(ProjectConfigurationPlatforms) = postSolution
		{7C24CD4D-E96E-485E-86CC-742779EE8CBE}.Debug|x64.ActiveCfg = Debug|x64
		{7C24CD4D-E96E-485E-86CC-742779EE8CBE}.Debug|x64.Build.0 = Debug|x64
		{7C24CD4D-E96E-485E-86CC-742779EE8CBE}.Debug|x86.ActiveCfg = Debug|Win32
		{7C24CD4D-E96E-485E-86CC-742779EE8CBE}.Debug|x86.Build.0 = Debug|Win32
		{7C24CD4D-E96E-485E-86CC-742779EE8CBE}.Release|x64.ActiveCfg = Release|x64
		{7C24CD4D-E96E-485E-86CC-742779EE8CBE}.Release|x64.Build.0 = Release|x64
		{7C24CD4D-E96E-485E-86CC-742779EE8CBE}.Release|x86.ActiveCfg = Release|Win32
		{7C24CD4D-E96E-485E-86CC-742779EE8CBE}.Release|x86.Build.0 = Release|Win32
	EndGlobalSection
	GlobalSection(SolutionProperties) = preSolution
		HideSolutionNode = FALSE
	EndGlobalSection
	GlobalSection(ExtensibilityGlobals) = postSolution
		SolutionGuid = {9E894E43-746D-4B5B-8C0A-87E32A79A580}
	EndGlobalSection
EndGlobal
