
Microsoft Visual Studio Solution File, Format Version 12.00
# Visual Studio 15
VisualStudioVersion = 15.0.26730.16
MinimumVisualStudioVersion = 10.0.40219.1
Project("{8BC9CEB8-8B4A-11D0-8D11-00A0C91BC942}") = "5310(1)", "5310(1)\5310(1).vcxproj", "{F5512824-9A3B-4B52-A7B8-496EB1D4D803}"
EndProject
Global
	GlobalSection(SolutionConfigurationPlatforms) = preSolution
		Debug|x64 = Debug|x64
		Debug|x86 = Debug|x86
		Release|x64 = Release|x64
		Release|x86 = Release|x86
	EndGlobalSection
	GlobalSection(ProjectConfigurationPlatforms) = postSolution
		{F5512824-9A3B-4B52-A7B8-496EB1D4D803}.Debug|x64.ActiveCfg = Debug|x64
		{F5512824-9A3B-4B52-A7B8-496EB1D4D803}.Debug|x64.Build.0 = Debug|x64
		{F5512824-9A3B-4B52-A7B8-496EB1D4D803}.Debug|x86.ActiveCfg = Debug|Win32
		{F5512824-9A3B-4B52-A7B8-496EB1D4D803}.Debug|x86.Build.0 = Debug|Win32
		{F5512824-9A3B-4B52-A7B8-496EB1D4D803}.Release|x64.ActiveCfg = Release|x64
		{F5512824-9A3B-4B52-A7B8-496EB1D4D803}.Release|x64.Build.0 = Release|x64
		{F5512824-9A3B-4B52-A7B8-496EB1D4D803}.Release|x86.ActiveCfg = Release|Win32
		{F5512824-9A3B-4B52-A7B8-496EB1D4D803}.Release|x86.Build.0 = Release|Win32
	EndGlobalSection
	GlobalSection(SolutionProperties) = preSolution
		HideSolutionNode = FALSE
	EndGlobalSection
	GlobalSection(ExtensibilityGlobals) = postSolution
		SolutionGuid = {3B12F21D-73E7-4D6E-B7A4-73406FBBD789}
	EndGlobalSection
EndGlobal
